
Microsoft Visual Studio Solution File, Format Version 11.00
# Visual Studio 2010
Project("{FAE04EC0-301F-11D3-BF4B-00C04F79EFBC}") = "Jejunuprojectcatdog", "Unity.Postprocessing.Runtime.csproj", "{8230E842-5326-8B7E-6D4D-3755494AE667}"
EndProject
Project("{FAE04EC0-301F-11D3-BF4B-00C04F79EFBC}") = "Jejunuprojectcatdog", "Assembly-CSharp.csproj", "{2079BF26-6678-E522-A234-E91822AD701F}"
EndProject
Project("{FAE04EC0-301F-11D3-BF4B-00C04F79EFBC}") = "Jejunuprojectcatdog", "Unity.Postprocessing.Editor.csproj", "{4350CC85-03C2-A571-C223-1BEAE8E34E80}"
EndProject
Global
	GlobalSection(SolutionConfigurationPlatforms) = preSolution
		Debug|Any CPU = Debug|Any CPU
		Release|Any CPU = Release|Any CPU
	EndGlobalSection
	GlobalSection(ProjectConfigurationPlatforms) = postSolution
		{8230E842-5326-8B7E-6D4D-3755494AE667}.Debug|Any CPU.ActiveCfg = Debug|Any CPU
		{8230E842-5326-8B7E-6D4D-3755494AE667}.Debug|Any CPU.Build.0 = Debug|Any CPU
		{8230E842-5326-8B7E-6D4D-3755494AE667}.Release|Any CPU.ActiveCfg = Release|Any CPU
		{8230E842-5326-8B7E-6D4D-3755494AE667}.Release|Any CPU.Build.0 = Release|Any CPU
		{2079BF26-6678-E522-A234-E91822AD701F}.Debug|Any CPU.ActiveCfg = Debug|Any CPU
		{2079BF26-6678-E522-A234-E91822AD701F}.Debug|Any CPU.Build.0 = Debug|Any CPU
		{2079BF26-6678-E522-A234-E91822AD701F}.Release|Any CPU.ActiveCfg = Release|Any CPU
		{2079BF26-6678-E522-A234-E91822AD701F}.Release|Any CPU.Build.0 = Release|Any CPU
		{4350CC85-03C2-A571-C223-1BEAE8E34E80}.Debug|Any CPU.ActiveCfg = Debug|Any CPU
		{4350CC85-03C2-A571-C223-1BEAE8E34E80}.Debug|Any CPU.Build.0 = Debug|Any CPU
		{4350CC85-03C2-A571-C223-1BEAE8E34E80}.Release|Any CPU.ActiveCfg = Release|Any CPU
		{4350CC85-03C2-A571-C223-1BEAE8E34E80}.Release|Any CPU.Build.0 = Release|Any CPU
	EndGlobalSection
	GlobalSection(SolutionProperties) = preSolution
		HideSolutionNode = FALSE
	EndGlobalSection
	GlobalSection(MonoDevelopProperties) = preSolution
		StartupItem = Assembly-CSharp.csproj
	EndGlobalSection
EndGlobal
